
Microsoft Visual Studio Solution File, Format Version 12.00
# Visual Studio Version 17
VisualStudioVersion = 17.0.31903.59
MinimumVisualStudioVersion = 10.0.40219.1
Project("{FAE04EC0-301F-11D3-BF4B-00C04F79EFBC}") = "API", "API\API.csproj", "{7DDC3FBD-A675-455D-9A12-E37E9CA94DC3}"
EndProject
Project("{FAE04EC0-301F-11D3-BF4B-00C04F79EFBC}") = "Infrastructure", "Infrastructure\Infrastructure.csproj", "{EAE04665-C1B3-4166-A36C-81C4451FEC6B}"
EndProject
Project("{FAE04EC0-301F-11D3-BF4B-00C04F79EFBC}") = "Core", "Core\Core.csproj", "{A77359FA-8390-4C78-AFBC-DF3E2A327DD3}"
EndProject
Global
	GlobalSection(SolutionConfigurationPlatforms) = preSolution
		Debug|Any CPU = Debug|Any CPU
		Release|Any CPU = Release|Any CPU
	EndGlobalSection
	GlobalSection(SolutionProperties) = preSolution
		HideSolutionNode = FALSE
	EndGlobalSection
	GlobalSection(ProjectConfigurationPlatforms) = postSolution
		{7DDC3FBD-A675-455D-9A12-E37E9CA94DC3}.Debug|Any CPU.ActiveCfg = Debug|Any CPU
		{7DDC3FBD-A675-455D-9A12-E37E9CA94DC3}.Debug|Any CPU.Build.0 = Debug|Any CPU
		{7DDC3FBD-A675-455D-9A12-E37E9CA94DC3}.Release|Any CPU.ActiveCfg = Release|Any CPU
		{7DDC3FBD-A675-455D-9A12-E37E9CA94DC3}.Release|Any CPU.Build.0 = Release|Any CPU
		{EAE04665-C1B3-4166-A36C-81C4451FEC6B}.Debug|Any CPU.ActiveCfg = Debug|Any CPU
		{EAE04665-C1B3-4166-A36C-81C4451FEC6B}.Debug|Any CPU.Build.0 = Debug|Any CPU
		{EAE04665-C1B3-4166-A36C-81C4451FEC6B}.Release|Any CPU.ActiveCfg = Release|Any CPU
		{EAE04665-C1B3-4166-A36C-81C4451FEC6B}.Release|Any CPU.Build.0 = Release|Any CPU
		{A77359FA-8390-4C78-AFBC-DF3E2A327DD3}.Debug|Any CPU.ActiveCfg = Debug|Any CPU
		{A77359FA-8390-4C78-AFBC-DF3E2A327DD3}.Debug|Any CPU.Build.0 = Debug|Any CPU
		{A77359FA-8390-4C78-AFBC-DF3E2A327DD3}.Release|Any CPU.ActiveCfg = Release|Any CPU
		{A77359FA-8390-4C78-AFBC-DF3E2A327DD3}.Release|Any CPU.Build.0 = Release|Any CPU
	EndGlobalSection
EndGlobal
